lockfileVersion: '9.0'

settings:
  autoInstallPeers: true
  excludeLinksFromLockfile: false

importers:

  .: {}

  cli: {}

  packages/node/machine-business:
    dependencies:
      machine-core:
        specifier: workspace:*
        version: link:../machine-core

  packages/node/machine-core: {}

  packages/node/machine-discovery:
    dependencies:
      machine-core:
        specifier: workspace:*
        version: link:../machine-core

  tools/build-registry: {}
